
Microsoft Visual Studio Solution File, Format Version 12.00
# Visual Studio 2013
VisualStudioVersion = 12.0.21005.1
MinimumVisualStudioVersion = 10.0.40219.1
Project("{FAE04EC0-301F-11D3-BF4B-00C04F79EFBC}") = "BDJX.BSCP.Core", "BDJX.BSCP.Core\BDJX.BSCP.Core.csproj", "{522841AD-015D-40BD-B562-D9C30E0355D3}"
EndProject
Project("{FAE04EC0-301F-11D3-BF4B-00C04F79EFBC}") = "BDJX.BSCP.BLL", "BDJX.BSCP.BLL\BDJX.BSCP.BLL.csproj", "{17707F82-C17D-4D84-A8CE-6D2A0A8F2003}"
EndProject
Project("{FAE04EC0-301F-11D3-BF4B-00C04F79EFBC}") = "BDJX.BSCP.IBLL", "BDJX.BSCP.IBLL\BDJX.BSCP.IBLL.csproj", "{89FAEB78-410A-48EA-8783-1CCB0A52E042}"
EndProject
Project("{FAE04EC0-301F-11D3-BF4B-00C04F79EFBC}") = "BDJX.BSCP.DAL", "BDJX.BSCP.DAL\BDJX.BSCP.DAL.csproj", "{87B3E8A0-2905-4A88-AC04-C7BA215D9014}"
EndProject
Project("{FAE04EC0-301F-11D3-BF4B-00C04F79EFBC}") = "BDJX.BSCP.IDAL", "BDJX.BSCP.IDAL\BDJX.BSCP.IDAL.csproj", "{DE8D9DCB-F8A9-46FE-95D6-B7B4E55EBE71}"
EndProject
Project("{FAE04EC0-301F-11D3-BF4B-00C04F79EFBC}") = "BDJX.BSCP.Common", "BDJX.BSCP.Common\BDJX.BSCP.Common.csproj", "{7B9E1715-A8AE-4B07-9490-39830A257078}"
EndProject
Project("{FAE04EC0-301F-11D3-BF4B-00C04F79EFBC}") = "BDJX.BSCP.Models", "BDJX.BSCP.Entities\BDJX.BSCP.Models.csproj", "{2A022ECD-D1AD-4417-9456-D1BEBC6D952E}"
EndProject
Project("{FAE04EC0-301F-11D3-BF4B-00C04F79EFBC}") = "BDJX.BSCP.ConsoleUI", "BDJX.BSCP.ConsoleUI\BDJX.BSCP.ConsoleUI.csproj", "{302FD351-8118-46E9-B496-C44ACED9C9E2}"
EndProject
Global
	GlobalSection(SolutionConfigurationPlatforms) = preSolution
		Debug|Any CPU = Debug|Any CPU
		Release|Any CPU = Release|Any CPU
	EndGlobalSection
	GlobalSection(ProjectConfigurationPlatforms) = postSolution
		{522841AD-015D-40BD-B562-D9C30E0355D3}.Debug|Any CPU.ActiveCfg = Debug|Any CPU
		{522841AD-015D-40BD-B562-D9C30E0355D3}.Debug|Any CPU.Build.0 = Debug|Any CPU
		{522841AD-015D-40BD-B562-D9C30E0355D3}.Release|Any CPU.ActiveCfg = Release|Any CPU
		{522841AD-015D-40BD-B562-D9C30E0355D3}.Release|Any CPU.Build.0 = Release|Any CPU
		{17707F82-C17D-4D84-A8CE-6D2A0A8F2003}.Debug|Any CPU.ActiveCfg = Debug|Any CPU
		{17707F82-C17D-4D84-A8CE-6D2A0A8F2003}.Debug|Any CPU.Build.0 = Debug|Any CPU
		{17707F82-C17D-4D84-A8CE-6D2A0A8F2003}.Release|Any CPU.ActiveCfg = Release|Any CPU
		{17707F82-C17D-4D84-A8CE-6D2A0A8F2003}.Release|Any CPU.Build.0 = Release|Any CPU
		{89FAEB78-410A-48EA-8783-1CCB0A52E042}.Debug|Any CPU.ActiveCfg = Debug|Any CPU
		{89FAEB78-410A-48EA-8783-1CCB0A52E042}.Debug|Any CPU.Build.0 = Debug|Any CPU
		{89FAEB78-410A-48EA-8783-1CCB0A52E042}.Release|Any CPU.ActiveCfg = Release|Any CPU
		{89FAEB78-410A-48EA-8783-1CCB0A52E042}.Release|Any CPU.Build.0 = Release|Any CPU
		{87B3E8A0-2905-4A88-AC04-C7BA215D9014}.Debug|Any CPU.ActiveCfg = Debug|Any CPU
		{87B3E8A0-2905-4A88-AC04-C7BA215D9014}.Debug|Any CPU.Build.0 = Debug|Any CPU
		{87B3E8A0-2905-4A88-AC04-C7BA215D9014}.Release|Any CPU.ActiveCfg = Release|Any CPU
		{87B3E8A0-2905-4A88-AC04-C7BA215D9014}.Release|Any CPU.Build.0 = Release|Any CPU
		{DE8D9DCB-F8A9-46FE-95D6-B7B4E55EBE71}.Debug|Any CPU.ActiveCfg = Debug|Any CPU
		{DE8D9DCB-F8A9-46FE-95D6-B7B4E55EBE71}.Debug|Any CPU.Build.0 = Debug|Any CPU
		{DE8D9DCB-F8A9-46FE-95D6-B7B4E55EBE71}.Release|Any CPU.ActiveCfg = Release|Any CPU
		{DE8D9DCB-F8A9-46FE-95D6-B7B4E55EBE71}.Release|Any CPU.Build.0 = Release|Any CPU
		{7B9E1715-A8AE-4B07-9490-39830A257078}.Debug|Any CPU.ActiveCfg = Debug|Any CPU
		{7B9E1715-A8AE-4B07-9490-39830A257078}.Debug|Any CPU.Build.0 = Debug|Any CPU
		{7B9E1715-A8AE-4B07-9490-39830A257078}.Release|Any CPU.ActiveCfg = Release|Any CPU
		{7B9E1715-A8AE-4B07-9490-39830A257078}.Release|Any CPU.Build.0 = Release|Any CPU
		{2A022ECD-D1AD-4417-9456-D1BEBC6D952E}.Debug|Any CPU.ActiveCfg = Debug|Any CPU
		{2A022ECD-D1AD-4417-9456-D1BEBC6D952E}.Debug|Any CPU.Build.0 = Debug|Any CPU
		{2A022ECD-D1AD-4417-9456-D1BEBC6D952E}.Release|Any CPU.ActiveCfg = Release|Any CPU
		{2A022ECD-D1AD-4417-9456-D1BEBC6D952E}.Release|Any CPU.Build.0 = Release|Any CPU
		{302FD351-8118-46E9-B496-C44ACED9C9E2}.Debug|Any CPU.ActiveCfg = Debug|Any CPU
		{302FD351-8118-46E9-B496-C44ACED9C9E2}.Debug|Any CPU.Build.0 = Debug|Any CPU
		{302FD351-8118-46E9-B496-C44ACED9C9E2}.Release|Any CPU.ActiveCfg = Release|Any CPU
		{302FD351-8118-46E9-B496-C44ACED9C9E2}.Release|Any CPU.Build.0 = Release|Any CPU
	EndGlobalSection
	GlobalSection(SolutionProperties) = preSolution
		HideSolutionNode = FALSE
	EndGlobalSection
EndGlobal
